Microsoft Visual Studio Solution File, Format Version 12.00
# Visual Studio 14
VisualStudioVersion = 14.0.25420.1
MinimumVisualStudioVersion = 10.0.40219.1
Project("{FAE04EC0-301F-11D3-BF4B-00C04F79EFBC}") = "GeometryUtility", "GeometryUtility\GeometryUtility.csproj", "{FD47D6AC-8238-4975-91C8-51E88326F27F}"
EndProject
Project("{FAE04EC0-301F-11D3-BF4B-00C04F79EFBC}") = "PolygonCuttingEar", "PolygonCuttingEar\PolygonCuttingEar.csproj", "{BAA6D355-C95D-4714-8989-D9891EFC5DB6}"
	ProjectSection(ProjectDependencies) = postProject
		{FD47D6AC-8238-4975-91C8-51E88326F27F} = {FD47D6AC-8238-4975-91C8-51E88326F27F}
	EndProjectSection
EndProject
Project("{FAE04EC0-301F-11D3-BF4B-00C04F79EFBC}") = "PolygonCuttingEarInterface", "PolygonCuttingEarInterface\PolygonCuttingEarInterface.csproj", "{1AD8D0FD-89CD-4C72-81ED-E4FBDB78B00F}"
EndProject
Global
	GlobalSection(SolutionConfigurationPlatforms) = preSolution
		Debug|Any CPU = Debug|Any CPU
		Release|Any CPU = Release|Any CPU
	EndGlobalSection
	GlobalSection(ProjectConfigurationPlatforms) = postSolution
		{FD47D6AC-8238-4975-91C8-51E88326F27F}.Debug|Any CPU.ActiveCfg = Debug|Any CPU
		{FD47D6AC-8238-4975-91C8-51E88326F27F}.Debug|Any CPU.Build.0 = Debug|Any CPU
		{FD47D6AC-8238-4975-91C8-51E88326F27F}.Release|Any CPU.ActiveCfg = Release|Any CPU
		{FD47D6AC-8238-4975-91C8-51E88326F27F}.Release|Any CPU.Build.0 = Release|Any CPU
		{BAA6D355-C95D-4714-8989-D9891EFC5DB6}.Debug|Any CPU.ActiveCfg = Debug|Any CPU
		{BAA6D355-C95D-4714-8989-D9891EFC5DB6}.Debug|Any CPU.Build.0 = Debug|Any CPU
		{BAA6D355-C95D-4714-8989-D9891EFC5DB6}.Release|Any CPU.ActiveCfg = Release|Any CPU
		{BAA6D355-C95D-4714-8989-D9891EFC5DB6}.Release|Any CPU.Build.0 = Release|Any CPU
		{1AD8D0FD-89CD-4C72-81ED-E4FBDB78B00F}.Debug|Any CPU.ActiveCfg = Debug|Any CPU
		{1AD8D0FD-89CD-4C72-81ED-E4FBDB78B00F}.Debug|Any CPU.Build.0 = Debug|Any CPU
		{1AD8D0FD-89CD-4C72-81ED-E4FBDB78B00F}.Release|Any CPU.ActiveCfg = Release|Any CPU
		{1AD8D0FD-89CD-4C72-81ED-E4FBDB78B00F}.Release|Any CPU.Build.0 = Release|Any CPU
	EndGlobalSection
	GlobalSection(SolutionProperties) = preSolution
		HideSolutionNode = FALSE
	EndGlobalSection
EndGlobal
